
Microsoft Visual Studio Solution File, Format Version 12.00
# Visual Studio Version 17
VisualStudioVersion = 17.0.31903.59
MinimumVisualStudioVersion = 10.0.40219.1
Project("{FAE04EC0-301F-11D3-BF4B-00C04F79EFBC}") = "WebProdavnica.API", "WebProdavnica.API\WebProdavnica.API.csproj", "{4DFF7676-6A30-4335-95BA-D62F44694298}"
EndProject
Project("{FAE04EC0-301F-11D3-BF4B-00C04F79EFBC}") = "WebProdavnica.BusinessLayer", "WebProdavnica.BusinessLayer\WebProdavnica.BusinessLayer.csproj", "{4712D0E6-6413-46C5-8325-6FA1A7F6C39A}"
EndProject
Project("{FAE04EC0-301F-11D3-BF4B-00C04F79EFBC}") = "WebProdavnica.Core", "WebProdavnica.Core\WebProdavnica.Core.csproj", "{04661D1F-44BE-4CE0-B40B-10662BA03014}"
EndProject
Project("{FAE04EC0-301F-11D3-BF4B-00C04F79EFBC}") = "WebProdavnica.DAL", "WebProdavnica.DAL\WebProdavnica.DAL.csproj", "{6F225B5E-6943-4B61-A680-53FF7BBFA147}"
EndProject
Project("{FAE04EC0-301F-11D3-BF4B-00C04F79EFBC}") = "WebProdavnica.Entities", "WebProdavnica.Entities\WebProdavnica.Entities.csproj", "{B843F4C5-2FD9-495F-8C67-35D2C2692C59}"
EndProject
Project("{FAE04EC0-301F-11D3-BF4B-00C04F79EFBC}") = "WebProdavnica.TestConsole", "WebProdavnica.TestConsole\WebProdavnica.TestConsole.csproj", "{07AD761B-8447-41AA-B7F6-F7D8069109C0}"
EndProject
Project("{FAE04EC0-301F-11D3-BF4B-00C04F79EFBC}") = "WebProdavnica.UnitTest", "WebProdavnica.UnitTest\WebProdavnica.UnitTest.csproj", "{BA7E718F-B59B-4D1A-BAA3-F35D2A430A79}"
EndProject
Project("{FAE04EC0-301F-11D3-BF4B-00C04F79EFBC}") = "WebProdavnica.WebApp", "WebProdavnica.WebApp\WebProdavnica.WebApp.csproj", "{411FCEB9-26D0-43EF-8D7E-2F7ABC4EBA30}"
EndProject
Global
	GlobalSection(SolutionConfigurationPlatforms) = preSolution
		Debug|Any CPU = Debug|Any CPU
		Release|Any CPU = Release|Any CPU
	EndGlobalSection
	GlobalSection(SolutionProperties) = preSolution
		HideSolutionNode = FALSE
	EndGlobalSection
	GlobalSection(ProjectConfigurationPlatforms) = postSolution
		{4DFF7676-6A30-4335-95BA-D62F44694298}.Debug|Any CPU.ActiveCfg = Debug|Any CPU
		{4DFF7676-6A30-4335-95BA-D62F44694298}.Debug|Any CPU.Build.0 = Debug|Any CPU
		{4DFF7676-6A30-4335-95BA-D62F44694298}.Release|Any CPU.ActiveCfg = Release|Any CPU
		{4DFF7676-6A30-4335-95BA-D62F44694298}.Release|Any CPU.Build.0 = Release|Any CPU
		{4712D0E6-6413-46C5-8325-6FA1A7F6C39A}.Debug|Any CPU.ActiveCfg = Debug|Any CPU
		{4712D0E6-6413-46C5-8325-6FA1A7F6C39A}.Debug|Any CPU.Build.0 = Debug|Any CPU
		{4712D0E6-6413-46C5-8325-6FA1A7F6C39A}.Release|Any CPU.ActiveCfg = Release|Any CPU
		{4712D0E6-6413-46C5-8325-6FA1A7F6C39A}.Release|Any CPU.Build.0 = Release|Any CPU
		{04661D1F-44BE-4CE0-B40B-10662BA03014}.Debug|Any CPU.ActiveCfg = Debug|Any CPU
		{04661D1F-44BE-4CE0-B40B-10662BA03014}.Debug|Any CPU.Build.0 = Debug|Any CPU
		{04661D1F-44BE-4CE0-B40B-10662BA03014}.Release|Any CPU.ActiveCfg = Release|Any CPU
		{04661D1F-44BE-4CE0-B40B-10662BA03014}.Release|Any CPU.Build.0 = Release|Any CPU
		{6F225B5E-6943-4B61-A680-53FF7BBFA147}.Debug|Any CPU.ActiveCfg = Debug|Any CPU
		{6F225B5E-6943-4B61-A680-53FF7BBFA147}.Debug|Any CPU.Build.0 = Debug|Any CPU
		{6F225B5E-6943-4B61-A680-53FF7BBFA147}.Release|Any CPU.ActiveCfg = Release|Any CPU
		{6F225B5E-6943-4B61-A680-53FF7BBFA147}.Release|Any CPU.Build.0 = Release|Any CPU
		{B843F4C5-2FD9-495F-8C67-35D2C2692C59}.Debug|Any CPU.ActiveCfg = Debug|Any CPU
		{B843F4C5-2FD9-495F-8C67-35D2C2692C59}.Debug|Any CPU.Build.0 = Debug|Any CPU
		{B843F4C5-2FD9-495F-8C67-35D2C2692C59}.Release|Any CPU.ActiveCfg = Release|Any CPU
		{B843F4C5-2FD9-495F-8C67-35D2C2692C59}.Release|Any CPU.Build.0 = Release|Any CPU
		{07AD761B-8447-41AA-B7F6-F7D8069109C0}.Debug|Any CPU.ActiveCfg = Debug|Any CPU
		{07AD761B-8447-41AA-B7F6-F7D8069109C0}.Debug|Any CPU.Build.0 = Debug|Any CPU
		{07AD761B-8447-41AA-B7F6-F7D8069109C0}.Release|Any CPU.ActiveCfg = Release|Any CPU
		{07AD761B-8447-41AA-B7F6-F7D8069109C0}.Release|Any CPU.Build.0 = Release|Any CPU
		{BA7E718F-B59B-4D1A-BAA3-F35D2A430A79}.Debug|Any CPU.ActiveCfg = Debug|Any CPU
		{BA7E718F-B59B-4D1A-BAA3-F35D2A430A79}.Debug|Any CPU.Build.0 = Debug|Any CPU
		{BA7E718F-B59B-4D1A-BAA3-F35D2A430A79}.Release|Any CPU.ActiveCfg = Release|Any CPU
		{BA7E718F-B59B-4D1A-BAA3-F35D2A430A79}.Release|Any CPU.Build.0 = Release|Any CPU
		{411FCEB9-26D0-43EF-8D7E-2F7ABC4EBA30}.Debug|Any CPU.ActiveCfg = Debug|Any CPU
		{411FCEB9-26D0-43EF-8D7E-2F7ABC4EBA30}.Debug|Any CPU.Build.0 = Debug|Any CPU
		{411FCEB9-26D0-43EF-8D7E-2F7ABC4EBA30}.Release|Any CPU.ActiveCfg = Release|Any CPU
		{411FCEB9-26D0-43EF-8D7E-2F7ABC4EBA30}.Release|Any CPU.Build.0 = Release|Any CPU
	EndGlobalSection
EndGlobal
